
Microsoft Visual Studio Solution File, Format Version 12.00
# Visual Studio Version 17
VisualStudioVersion = 17.0.31903.59
MinimumVisualStudioVersion = 10.0.40219.1
Project("{FAE04EC0-301F-11D3-BF4B-00C04F79EFBC}") = "CAL-QR", "CAL-QR\CAL-QR.csproj", "{8258745F-C487-46A9-B738-DA58215F0B39}"
EndProject
Project("{FAE04EC0-301F-11D3-BF4B-00C04F79EFBC}") = "CAL-QR.Tests", "CAL-QR.Tests\CAL-QR.Tests.csproj", "{CC5087D3-CA55-4215-8429-7C9382A28462}"
EndProject
Project("{FAE04EC0-301F-11D3-BF4B-00C04F79EFBC}") = "CAL-QR.DemoData", "tools\CAL-QR.DemoData\CAL-QR.DemoData.csproj", "{5D1B7E2A-3C44-4F0B-9A6E-7B2D8C91E4F3}"
EndProject
Project("{FAE04EC0-301F-11D3-BF4B-00C04F79EFBC}") = "CAL-QR.AutoRun", "CAL-QR.AutoRun\CAL-QR.AutoRun.csproj", "{2D90EDA0-6851-4957-B076-51FD5051ADA5}"
EndProject
Global
	GlobalSection(SolutionConfigurationPlatforms) = preSolution
		Debug|Any CPU = Debug|Any CPU
		Release|Any CPU = Release|Any CPU
	EndGlobalSection
	GlobalSection(SolutionProperties) = preSolution
		HideSolutionNode = FALSE
	EndGlobalSection
	GlobalSection(ProjectConfigurationPlatforms) = postSolution
		{8258745F-C487-46A9-B738-DA58215F0B39}.Debug|Any CPU.ActiveCfg = Debug|Any CPU
		{8258745F-C487-46A9-B738-DA58215F0B39}.Debug|Any CPU.Build.0 = Debug|Any CPU
		{8258745F-C487-46A9-B738-DA58215F0B39}.Release|Any CPU.ActiveCfg = Release|Any CPU
		{8258745F-C487-46A9-B738-DA58215F0B39}.Release|Any CPU.Build.0 = Release|Any CPU
		{CC5087D3-CA55-4215-8429-7C9382A28462}.Debug|Any CPU.ActiveCfg = Debug|Any CPU
		{CC5087D3-CA55-4215-8429-7C9382A28462}.Debug|Any CPU.Build.0 = Debug|Any CPU
		{CC5087D3-CA55-4215-8429-7C9382A28462}.Release|Any CPU.ActiveCfg = Release|Any CPU
		{CC5087D3-CA55-4215-8429-7C9382A28462}.Release|Any CPU.Build.0 = Release|Any CPU
		{5D1B7E2A-3C44-4F0B-9A6E-7B2D8C91E4F3}.Debug|Any CPU.ActiveCfg = Debug|Any CPU
		{5D1B7E2A-3C44-4F0B-9A6E-7B2D8C91E4F3}.Debug|Any CPU.Build.0 = Debug|Any CPU
		{5D1B7E2A-3C44-4F0B-9A6E-7B2D8C91E4F3}.Release|Any CPU.ActiveCfg = Release|Any CPU
		{5D1B7E2A-3C44-4F0B-9A6E-7B2D8C91E4F3}.Release|Any CPU.Build.0 = Release|Any CPU
		{2D90EDA0-6851-4957-B076-51FD5051ADA5}.Debug|Any CPU.ActiveCfg = Debug|Any CPU
		{2D90EDA0-6851-4957-B076-51FD5051ADA5}.Debug|Any CPU.Build.0 = Debug|Any CPU
		{2D90EDA0-6851-4957-B076-51FD5051ADA5}.Release|Any CPU.ActiveCfg = Release|Any CPU
		{2D90EDA0-6851-4957-B076-51FD5051ADA5}.Release|Any CPU.Build.0 = Release|Any CPU
	EndGlobalSection
EndGlobal
